{
  "name": "@mason/json-lsp",
  "version": "1.0.0",
  "lockfileVersion": 2,
  "requires": true,
  "packages": {
    "": {
      "name": "@mason/json-lsp",
      "version": "1.0.0",
      "license": "ISC",
      "dependencies": {
        "vscode-langservers-extracted": "^4.5.0"
      }
    },
    "node_modules/vscode-langservers-extracted": {
      "version": "4.5.0",
      "resolved": "https://registry.npmjs.org/vscode-langservers-extracted/-/vscode-langservers-extracted-4.5.0.tgz",
      "integrity": "sha512-r8+ZWDHRAnUPQMyZQa2eZzZyYE8wGia3SCL9ZtVjl6S2MLA5l6NVg3z8Atz4nDQ9JPih858bj0vnthGsjhNLjg==",
      "dependencies": {
        "core-js": "^3.20.1",
        "jsonc-parser": "^3.2.0",
        "regenerator-runtime": "^0.13.9",
        "request-light": "^0.5.8",
        "typescript": "^4.0.5",
        "vscode-css-languageservice": "^6.1.1",
        "vscode-html-languageservice": "^5.0.2",
        "vscode-json-languageservice": "^5.1.1",
        "vscode-languageserver": "^8.1.0-next.1",
        "vscode-languageserver-textdocument": "^1.0.7",
        "vscode-languageserver-types": "^3.17.2",
        "vscode-markdown-languageservice": "^0.2.0-alpha.1",
        "vscode-nls": "^5.2.0",
        "vscode-uri": "^3.0.6"
      },
      "bin": {
        "vscode-css-language-server": "bin/vscode-css-language-server",
        "vscode-eslint-language-server": "bin/vscode-eslint-language-server",
        "vscode-html-language-server": "bin/vscode-html-language-server",
        "vscode-json-language-server": "bin/vscode-json-language-server",
        "vscode-markdown-language-server": "bin/vscode-markdown-language-server"
      }
    },
    "node_modules/vscode-langservers-extracted/node_modules/@vscode/l10n": {
      "version": "0.0.11",
      "resolved": "https://registry.npmjs.org/@vscode/l10n/-/l10n-0.0.11.tgz",
      "integrity": "sha512-ukOMWnCg1tCvT7WnDfsUKQOFDQGsyR5tNgRpwmqi+5/vzU3ghdDXzvIM4IOPdSb3OeSsBNvmSL8nxIVOqi2WXA=="
    },
    "node_modules/vscode-langservers-extracted/node_modules/core-js": {
      "version": "3.27.2",
      "resolved": "https://registry.npmjs.org/core-js/-/core-js-3.27.2.tgz",
      "integrity": "sha512-9ashVQskuh5AZEZ1JdQWp1GqSoC1e1G87MzRqg2gIfVAQ7Qn9K+uFj8EcniUFA4P2NLZfV+TOlX1SzoKfo+s7w==",
      "hasInstallScript": true,
      "funding": {
        "type": "opencollective",
        "url": "https://opencollective.com/core-js"
      }
    },
    "node_modules/vscode-langservers-extracted/node_modules/jsonc-parser": {
      "version": "3.2.0",
      "resolved": "https://registry.npmjs.org/jsonc-parser/-/jsonc-parser-3.2.0.tgz",
      "integrity": "sha512-gfFQZrcTc8CnKXp6Y4/CBT3fTc0OVuDofpre4aEeEpSBPV5X5v4+Vmx+8snU7RLPrNHPKSgLxGo9YuQzz20o+w=="
    },
    "node_modules/vscode-langservers-extracted/node_modules/picomatch": {
      "version": "2.3.1",
      "resolved": "https://registry.npmjs.org/picomatch/-/picomatch-2.3.1.tgz",
      "integrity": "sha512-JU3teHTNjmE2VCGFzuY8EXzCDVwEqB2a8fsIvwaStHhAWJEeVd1o1QD80CU6+ZdEXXSLbSsuLwJjkCBWqRQUVA==",
      "engines": {
        "node": ">=8.6"
      },
      "funding": {
        "url": "https://github.com/sponsors/jonschlinkert"
      }
    },
    "node_modules/vscode-langservers-extracted/node_modules/regenerator-runtime": {
      "version": "0.13.11",
      "resolved": "https://registry.npmjs.org/regenerator-runtime/-/regenerator-runtime-0.13.11.tgz",
      "integrity": "sha512-kY1AZVr2Ra+t+piVaJ4gxaFaReZVH40AKNo7UCX6W+dEwBo/2oZJzqfuN1qLq1oL45o56cPaTXELwrTh8Fpggg=="
    },
    "node_modules/vscode-langservers-extracted/node_modules/request-light": {
      "version": "0.5.8",
      "resolved": "https://registry.npmjs.org/request-light/-/request-light-0.5.8.tgz",
      "integrity": "sha512-3Zjgh+8b5fhRJBQZoy+zbVKpAQGLyka0MPgW3zruTF4dFFJ8Fqcfu9YsAvi/rvdcaTeWG3MkbZv4WKxAn/84Lg=="
    },
    "node_modules/vscode-langservers-extracted/node_modules/typescript": {
      "version": "4.9.4",
      "resolved": "https://registry.npmjs.org/typescript/-/typescript-4.9.4.tgz",
      "integrity": "sha512-Uz+dTXYzxXXbsFpM86Wh3dKCxrQqUcVMxwU54orwlJjOpO3ao8L7j5lH+dWfTwgCwIuM9GQ2kvVotzYJMXTBZg==",
      "bin": {
        "tsc": "bin/tsc",
        "tsserver": "bin/tsserver"
      },
      "engines": {
        "node": ">=4.2.0"
      }
    },
    "node_modules/vscode-langservers-extracted/node_modules/vscode-css-languageservice": {
      "version": "6.2.3",
      "resolved": "https://registry.npmjs.org/vscode-css-languageservice/-/vscode-css-languageservice-6.2.3.tgz",
      "integrity": "sha512-EAyhyIVHpEaf+GjtI+tVe7SekdoANfG0aubnspsQwak3Qkimn/97FpAufNyXk636ngW05pjNKAR9zyTCzo6avQ==",
      "dependencies": {
        "@vscode/l10n": "^0.0.11",
        "vscode-languageserver-textdocument": "^1.0.8",
        "vscode-languageserver-types": "^3.17.2",
        "vscode-uri": "^3.0.7"
      }
    },
    "node_modules/vscode-langservers-extracted/node_modules/vscode-html-languageservice": {
      "version": "5.0.4",
      "resolved": "https://registry.npmjs.org/vscode-html-languageservice/-/vscode-html-languageservice-5.0.4.tgz",
      "integrity": "sha512-tvrySfpglu4B2rQgWGVO/IL+skvU7kBkQotRlxA7ocSyRXOZUd6GA13XHkxo8LPe07KWjeoBlN1aVGqdfTK4xA==",
      "dependencies": {
        "@vscode/l10n": "^0.0.11",
        "vscode-languageserver-textdocument": "^1.0.8",
        "vscode-languageserver-types": "^3.17.2",
        "vscode-uri": "^3.0.7"
      }
    },
    "node_modules/vscode-langservers-extracted/node_modules/vscode-json-languageservice": {
      "version": "5.1.4",
      "resolved": "https://registry.npmjs.org/vscode-json-languageservice/-/vscode-json-languageservice-5.1.4.tgz",
      "integrity": "sha512-ROZ1ezYQUbq9b/07xYpHtZSyyhoUk3oTTGVAEr6bU1DKr8ELaz9fsDoHno34tKtHj/Tf3deQqfjQNGKdbRuvTw==",
      "dependencies": {
        "@vscode/l10n": "^0.0.11",
        "jsonc-parser": "^3.2.0",
        "vscode-languageserver-textdocument": "^1.0.8",
        "vscode-languageserver-types": "^3.17.2",
        "vscode-uri": "^3.0.7"
      }
    },
    "node_modules/vscode-langservers-extracted/node_modules/vscode-jsonrpc": {
      "version": "8.1.0-next.7",
      "resolved": "https://registry.npmjs.org/vscode-jsonrpc/-/vscode-jsonrpc-8.1.0-next.7.tgz",
      "integrity": "sha512-UJlY2e4wnI+GkaNYM2TERqrNvTe0XScny7lUA4f+F+z6XI5pDJnHj6udXiGJofT/tX57d8C6fnlfgrCfF6aptQ==",
      "engines": {
        "node": ">=14.0.0"
      }
    },
    "node_modules/vscode-langservers-extracted/node_modules/vscode-languageserver": {
      "version": "8.1.0-next.6",
      "resolved": "https://registry.npmjs.org/vscode-languageserver/-/vscode-languageserver-8.1.0-next.6.tgz",
      "integrity": "sha512-YSj9fKN0FtVW95RKjcy8UheODK4YosqiZUkEbAgJJ0uMxR1Om1dhD/+QwYUKfJX/u8KLS/qFroMNVFHoPoc2hg==",
      "dependencies": {
        "vscode-languageserver-protocol": "3.17.3-next.6"
      },
      "bin": {
        "installServerIntoExtension": "bin/installServerIntoExtension"
      }
    },
    "node_modules/vscode-langservers-extracted/node_modules/vscode-languageserver-protocol": {
      "version": "3.17.3-next.6",
      "resolved": "https://registry.npmjs.org/vscode-languageserver-protocol/-/vscode-languageserver-protocol-3.17.3-next.6.tgz",
      "integrity": "sha512-UCL2DaAOCzGFZKIAJ4wOS9BXVbeARL8GxXTW7ANnAXJg03IytNmOJcmguL6l+ht4CCdKNQbnRSJB4dh8cgDyJw==",
      "dependencies": {
        "vscode-jsonrpc": "8.1.0-next.7",
        "vscode-languageserver-types": "3.17.3-next.3"
      }
    },
    "node_modules/vscode-langservers-extracted/node_modules/vscode-languageserver-protocol/node_modules/vscode-languageserver-types": {
      "version": "3.17.3-next.3",
      "resolved": "https://registry.npmjs.org/vscode-languageserver-types/-/vscode-languageserver-types-3.17.3-next.3.tgz",
      "integrity": "sha512-R36Wi5sHoVc/PsAva0QGoEgw+LRCXPDKcdjFfgoVwrRdrFOdYUkvp5G4NvrPUsVT2f2qS/bSs6QiRxyjNkcR9A=="
    },
    "node_modules/vscode-langservers-extracted/node_modules/vscode-languageserver-textdocument": {
      "version": "1.0.8",
      "resolved": "https://registry.npmjs.org/vscode-languageserver-textdocument/-/vscode-languageserver-textdocument-1.0.8.tgz",
      "integrity": "sha512-1bonkGqQs5/fxGT5UchTgjGVnfysL0O8v1AYMBjqTbWQTFn721zaPGDYFkOKtfDgFiSgXM3KwaG3FMGfW4Ed9Q=="
    },
    "node_modules/vscode-langservers-extracted/node_modules/vscode-languageserver-types": {
      "version": "3.17.2",
      "resolved": "https://registry.npmjs.org/vscode-languageserver-types/-/vscode-languageserver-types-3.17.2.tgz",
      "integrity": "sha512-zHhCWatviizPIq9B7Vh9uvrH6x3sK8itC84HkamnBWoDFJtzBf7SWlpLCZUit72b3os45h6RWQNC9xHRDF8dRA=="
    },
    "node_modules/vscode-langservers-extracted/node_modules/vscode-markdown-languageservice": {
      "version": "0.2.0",
      "resolved": "https://registry.npmjs.org/vscode-markdown-languageservice/-/vscode-markdown-languageservice-0.2.0.tgz",
      "integrity": "sha512-3Jh7/eN6zEPqfkT6cjL+AwGoQ7euL8RtW3FYf24IfPksz4nAZJcRibRtpSdlCaOKpwEoy/f5Axh94cmWPIGBMw==",
      "dependencies": {
        "picomatch": "^2.3.1",
        "vscode-languageserver-textdocument": "^1.0.5",
        "vscode-languageserver-types": "^3.17.1",
        "vscode-nls": "^5.0.1",
        "vscode-uri": "^3.0.3"
      },
      "engines": {
        "node": "*"
      }
    },
    "node_modules/vscode-langservers-extracted/node_modules/vscode-nls": {
      "version": "5.2.0",
      "resolved": "https://registry.npmjs.org/vscode-nls/-/vscode-nls-5.2.0.tgz",
      "integrity": "sha512-RAaHx7B14ZU04EU31pT+rKz2/zSl7xMsfIZuo8pd+KZO6PXtQmpevpq3vxvWNcrGbdmhM/rr5Uw5Mz+NBfhVng=="
    },
    "node_modules/vscode-langservers-extracted/node_modules/vscode-uri": {
      "version": "3.0.7",
      "resolved": "https://registry.npmjs.org/vscode-uri/-/vscode-uri-3.0.7.tgz",
      "integrity": "sha512-eOpPHogvorZRobNqJGhapa0JdwaxpjVvyBp0QIUMRMSf8ZAlqOdEquKuRmw9Qwu0qXtJIWqFtMkmvJjUZmMjVA=="
    }
  },
  "dependencies": {
    "vscode-langservers-extracted": {
      "version": "4.5.0",
      "resolved": "https://registry.npmjs.org/vscode-langservers-extracted/-/vscode-langservers-extracted-4.5.0.tgz",
      "integrity": "sha512-r8+ZWDHRAnUPQMyZQa2eZzZyYE8wGia3SCL9ZtVjl6S2MLA5l6NVg3z8Atz4nDQ9JPih858bj0vnthGsjhNLjg==",
      "requires": {
        "core-js": "^3.20.1",
        "jsonc-parser": "^3.2.0",
        "regenerator-runtime": "^0.13.9",
        "request-light": "^0.5.8",
        "typescript": "^4.0.5",
        "vscode-css-languageservice": "^6.1.1",
        "vscode-html-languageservice": "^5.0.2",
        "vscode-json-languageservice": "^5.1.1",
        "vscode-languageserver": "^8.1.0-next.1",
        "vscode-languageserver-textdocument": "^1.0.7",
        "vscode-languageserver-types": "^3.17.2",
        "vscode-markdown-languageservice": "^0.2.0-alpha.1",
        "vscode-nls": "^5.2.0",
        "vscode-uri": "^3.0.6"
      },
      "dependencies": {
        "@vscode/l10n": {
          "version": "0.0.11",
          "resolved": "https://registry.npmjs.org/@vscode/l10n/-/l10n-0.0.11.tgz",
          "integrity": "sha512-ukOMWnCg1tCvT7WnDfsUKQOFDQGsyR5tNgRpwmqi+5/vzU3ghdDXzvIM4IOPdSb3OeSsBNvmSL8nxIVOqi2WXA=="
        },
        "core-js": {
          "version": "3.27.2",
          "resolved": "https://registry.npmjs.org/core-js/-/core-js-3.27.2.tgz",
          "integrity": "sha512-9ashVQskuh5AZEZ1JdQWp1GqSoC1e1G87MzRqg2gIfVAQ7Qn9K+uFj8EcniUFA4P2NLZfV+TOlX1SzoKfo+s7w=="
        },
        "jsonc-parser": {
          "version": "3.2.0",
          "resolved": "https://registry.npmjs.org/jsonc-parser/-/jsonc-parser-3.2.0.tgz",
          "integrity": "sha512-gfFQZrcTc8CnKXp6Y4/CBT3fTc0OVuDofpre4aEeEpSBPV5X5v4+Vmx+8snU7RLPrNHPKSgLxGo9YuQzz20o+w=="
        },
        "picomatch": {
          "version": "2.3.1",
          "resolved": "https://registry.npmjs.org/picomatch/-/picomatch-2.3.1.tgz",
          "integrity": "sha512-JU3teHTNjmE2VCGFzuY8EXzCDVwEqB2a8fsIvwaStHhAWJEeVd1o1QD80CU6+ZdEXXSLbSsuLwJjkCBWqRQUVA=="
        },
        "regenerator-runtime": {
          "version": "0.13.11",
          "resolved": "https://registry.npmjs.org/regenerator-runtime/-/regenerator-runtime-0.13.11.tgz",
          "integrity": "sha512-kY1AZVr2Ra+t+piVaJ4gxaFaReZVH40AKNo7UCX6W+dEwBo/2oZJzqfuN1qLq1oL45o56cPaTXELwrTh8Fpggg=="
        },
        "request-light": {
          "version": "0.5.8",
          "resolved": "https://registry.npmjs.org/request-light/-/request-light-0.5.8.tgz",
          "integrity": "sha512-3Zjgh+8b5fhRJBQZoy+zbVKpAQGLyka0MPgW3zruTF4dFFJ8Fqcfu9YsAvi/rvdcaTeWG3MkbZv4WKxAn/84Lg=="
        },
        "typescript": {
          "version": "4.9.4",
          "resolved": "https://registry.npmjs.org/typescript/-/typescript-4.9.4.tgz",
          "integrity": "sha512-Uz+dTXYzxXXbsFpM86Wh3dKCxrQqUcVMxwU54orwlJjOpO3ao8L7j5lH+dWfTwgCwIuM9GQ2kvVotzYJMXTBZg=="
        },
        "vscode-css-languageservice": {
          "version": "6.2.3",
          "resolved": "https://registry.npmjs.org/vscode-css-languageservice/-/vscode-css-languageservice-6.2.3.tgz",
          "integrity": "sha512-EAyhyIVHpEaf+GjtI+tVe7SekdoANfG0aubnspsQwak3Qkimn/97FpAufNyXk636ngW05pjNKAR9zyTCzo6avQ==",
          "requires": {
            "@vscode/l10n": "^0.0.11",
            "vscode-languageserver-textdocument": "^1.0.8",
            "vscode-languageserver-types": "^3.17.2",
            "vscode-uri": "^3.0.7"
          }
        },
        "vscode-html-languageservice": {
          "version": "5.0.4",
          "resolved": "https://registry.npmjs.org/vscode-html-languageservice/-/vscode-html-languageservice-5.0.4.tgz",
          "integrity": "sha512-tvrySfpglu4B2rQgWGVO/IL+skvU7kBkQotRlxA7ocSyRXOZUd6GA13XHkxo8LPe07KWjeoBlN1aVGqdfTK4xA==",
          "requires": {
            "@vscode/l10n": "^0.0.11",
            "vscode-languageserver-textdocument": "^1.0.8",
            "vscode-languageserver-types": "^3.17.2",
            "vscode-uri": "^3.0.7"
          }
        },
        "vscode-json-languageservice": {
          "version": "5.1.4",
          "resolved": "https://registry.npmjs.org/vscode-json-languageservice/-/vscode-json-languageservice-5.1.4.tgz",
          "integrity": "sha512-ROZ1ezYQUbq9b/07xYpHtZSyyhoUk3oTTGVAEr6bU1DKr8ELaz9fsDoHno34tKtHj/Tf3deQqfjQNGKdbRuvTw==",
          "requires": {
            "@vscode/l10n": "^0.0.11",
            "jsonc-parser": "^3.2.0",
            "vscode-languageserver-textdocument": "^1.0.8",
            "vscode-languageserver-types": "^3.17.2",
            "vscode-uri": "^3.0.7"
          }
        },
        "vscode-jsonrpc": {
          "version": "8.1.0-next.7",
          "resolved": "https://registry.npmjs.org/vscode-jsonrpc/-/vscode-jsonrpc-8.1.0-next.7.tgz",
          "integrity": "sha512-UJlY2e4wnI+GkaNYM2TERqrNvTe0XScny7lUA4f+F+z6XI5pDJnHj6udXiGJofT/tX57d8C6fnlfgrCfF6aptQ=="
        },
        "vscode-languageserver": {
          "version": "8.1.0-next.6",
          "resolved": "https://registry.npmjs.org/vscode-languageserver/-/vscode-languageserver-8.1.0-next.6.tgz",
          "integrity": "sha512-YSj9fKN0FtVW95RKjcy8UheODK4YosqiZUkEbAgJJ0uMxR1Om1dhD/+QwYUKfJX/u8KLS/qFroMNVFHoPoc2hg==",
          "requires": {
            "vscode-languageserver-protocol": "3.17.3-next.6"
          }
        },
        "vscode-languageserver-protocol": {
          "version": "3.17.3-next.6",
          "resolved": "https://registry.npmjs.org/vscode-languageserver-protocol/-/vscode-languageserver-protocol-3.17.3-next.6.tgz",
          "integrity": "sha512-UCL2DaAOCzGFZKIAJ4wOS9BXVbeARL8GxXTW7ANnAXJg03IytNmOJcmguL6l+ht4CCdKNQbnRSJB4dh8cgDyJw==",
          "requires": {
            "vscode-jsonrpc": "8.1.0-next.7",
            "vscode-languageserver-types": "3.17.3-next.3"
          },
          "dependencies": {
            "vscode-languageserver-types": {
              "version": "3.17.3-next.3",
              "resolved": "https://registry.npmjs.org/vscode-languageserver-types/-/vscode-languageserver-types-3.17.3-next.3.tgz",
              "integrity": "sha512-R36Wi5sHoVc/PsAva0QGoEgw+LRCXPDKcdjFfgoVwrRdrFOdYUkvp5G4NvrPUsVT2f2qS/bSs6QiRxyjNkcR9A=="
            }
          }
        },
        "vscode-languageserver-textdocument": {
          "version": "1.0.8",
          "resolved": "https://registry.npmjs.org/vscode-languageserver-textdocument/-/vscode-languageserver-textdocument-1.0.8.tgz",
          "integrity": "sha512-1bonkGqQs5/fxGT5UchTgjGVnfysL0O8v1AYMBjqTbWQTFn721zaPGDYFkOKtfDgFiSgXM3KwaG3FMGfW4Ed9Q=="
        },
        "vscode-languageserver-types": {
          "version": "3.17.2",
          "resolved": "https://registry.npmjs.org/vscode-languageserver-types/-/vscode-languageserver-types-3.17.2.tgz",
          "integrity": "sha512-zHhCWatviizPIq9B7Vh9uvrH6x3sK8itC84HkamnBWoDFJtzBf7SWlpLCZUit72b3os45h6RWQNC9xHRDF8dRA=="
        },
        "vscode-markdown-languageservice": {
          "version": "0.2.0",
          "resolved": "https://registry.npmjs.org/vscode-markdown-languageservice/-/vscode-markdown-languageservice-0.2.0.tgz",
          "integrity": "sha512-3Jh7/eN6zEPqfkT6cjL+AwGoQ7euL8RtW3FYf24IfPksz4nAZJcRibRtpSdlCaOKpwEoy/f5Axh94cmWPIGBMw==",
          "requires": {
            "picomatch": "^2.3.1",
            "vscode-languageserver-textdocument": "^1.0.5",
            "vscode-languageserver-types": "^3.17.1",
            "vscode-nls": "^5.0.1",
            "vscode-uri": "^3.0.3"
          }
        },
        "vscode-nls": {
          "version": "5.2.0",
          "resolved": "https://registry.npmjs.org/vscode-nls/-/vscode-nls-5.2.0.tgz",
          "integrity": "sha512-RAaHx7B14ZU04EU31pT+rKz2/zSl7xMsfIZuo8pd+KZO6PXtQmpevpq3vxvWNcrGbdmhM/rr5Uw5Mz+NBfhVng=="
        },
        "vscode-uri": {
          "version": "3.0.7",
          "resolved": "https://registry.npmjs.org/vscode-uri/-/vscode-uri-3.0.7.tgz",
          "integrity": "sha512-eOpPHogvorZRobNqJGhapa0JdwaxpjVvyBp0QIUMRMSf8ZAlqOdEquKuRmw9Qwu0qXtJIWqFtMkmvJjUZmMjVA=="
        }
      }
    }
  }
}
